// !$*UTF8*$!
{
	archiveVersion = 1;
	classes = {
	};
	objectVersion = 46;
	objects = {

/* Begin PBXBuildFile section */
		6ABA05B31B66368E003EDDCA /* main.m in Sources */ = {isa = PBXBuildFile; fileRef = 6ABA05B21B66368E003EDDCA /* main.m */; };
		6ABA05B61B66368E003EDDCA /* AppDelegate.m in Sources */ = {isa = PBXBuildFile; fileRef = 6ABA05B51B66368E003EDDCA /* AppDelegate.m */; };
		6ABA05B91B66368E003EDDCA /* ViewController.m in Sources */ = {isa = PBXBuildFile; fileRef = 6ABA05B81B66368E003EDDCA /* ViewController.m */; };
		6ABA05BC1B66368E003EDDCA /* Main.storyboard in Resources */ = {isa = PBXBuildFile; fileRef = 6ABA05BA1B66368E003EDDCA /* Main.storyboard */; };
		6ABA05BE1B66368E003EDDCA /* Images.xcassets in Resources */ = {isa = PBXBuildFile; fileRef = 6ABA05BD1B66368E003EDDCA /* Images.xcassets */; };
		6ABA05C11B66368E003EDDCA /* LaunchScreen.xib in Resources */ = {isa = PBXBuildFile; fileRef = 6ABA05BF1B66368E003EDDCA /* LaunchScreen.xib */; };
		6ABA05CD1B66368E003EDDCA /* cocoaPodTestTests.m in Sources */ = {isa = PBXBuildFile; fileRef = 6ABA05CC1B66368E003EDDCA /* cocoaPodTestTests.m */; };
		6ABA05D81B6636B6003EDDCA /* UWCommonAlert.m in Sources */ = {isa = PBXBuildFile; fileRef = 6ABA05D71B6636B6003EDDCA /* UWCommonAlert.m */; };
/* End PBXBuildFile section */

/* Begin PBXContainerItemProxy section */
		6ABA05C71B66368E003EDDCA /* PBXContainerItemProxy */ = {
			isa = PBXContainerItemProxy;
			containerPortal = 6ABA05A51B66368E003EDDCA /* Project object */;
			proxyType = 1;
			remoteGlobalIDString = 6ABA05AC1B66368E003EDDCA;
			remoteInfo = cocoaPodTest;
		};
/* End PBXContainerItemProxy section */

/* Begin PBXFileReference section */
		6ABA05AD1B66368E003EDDCA /* cocoaPodTest.app */ = {isa = PBXFileReference; explicitFileType = wrapper.application; includeInIndex = 0; path = cocoaPodTest.app; sourceTree = BUILT_PRODUCTS_DIR; };
		6ABA05B11B66368E003EDDCA /* Info.plist */ = {isa = PBXFileReference; lastKnownFileType = text.plist.xml; path = Info.plist; sourceTree = "<group>"; };
		6ABA05B21B66368E003EDDCA /* main.m */ = {isa = PBXFileReference; lastKnownFileType = sourcecode.c.objc; path = main.m; sourceTree = "<group>"; };
		6ABA05B41B66368E003EDDCA /* AppDelegate.h */ = {isa = PBXFileReference; lastKnownFileType = sourcecode.c.h; path = AppDelegate.h; sourceTree = "<group>"; };
		6ABA05B51B66368E003EDDCA /* AppDelegate.m */ = {isa = PBXFileReference; lastKnownFileType = sourcecode.c.objc; path = AppDelegate.m; sourceTree = "<group>"; };
		6ABA05B71B66368E003EDDCA /* ViewController.h */ = {isa = PBXFileReference; lastKnownFileType = sourcecode.c.h; path = ViewController.h; sourceTree = "<group>"; };
		6ABA05B81B66368E003EDDCA /* ViewController.m */ = {isa = PBXFileReference; lastKnownFileType = sourcecode.c.objc; path = ViewController.m; sourceTree = "<group>"; };
		6ABA05BB1B66368E003EDDCA /* Base */ = {isa = PBXFileReference; lastKnownFileType = file.storyboard; name = Base; path = Base.lproj/Main.storyboard; sourceTree = "<group>"; };
		6ABA05BD1B66368E003EDDCA /* Images.xcassets */ = {isa = PBXFileReference; lastKnownFileType = folder.assetcatalog; path = Images.xcassets; sourceTree = "<group>"; };
		6ABA05C01B66368E003EDDCA /* Base */ = {isa = PBXFileReference; lastKnownFileType = file.xib; name = Base; path = Base.lproj/LaunchScreen.xib; sourceTree = "<group>"; };
		6ABA05C61B66368E003EDDCA /* cocoaPodTestTests.xctest */ = {isa = PBXFileReference; explicitFileType = wrapper.cfbundle; includeInIndex = 0; path = cocoaPodTestTests.xctest; sourceTree = BUILT_PRODUCTS_DIR; };
		6ABA05CB1B66368E003EDDCA /* Info.plist */ = {isa = PBXFileReference; lastKnownFileType = text.plist.xml; path = Info.plist; sourceTree = "<group>"; };
		6ABA05CC1B66368E003EDDCA /* cocoaPodTestTests.m */ = {isa = PBXFileReference; lastKnownFileType = sourcecode.c.objc; path = cocoaPodTestTests.m; sourceTree = "<group>"; };
		6ABA05D61B6636B6003EDDCA /* UWCommonAlert.h */ = {isa = PBXFileReference; fileEncoding = 4; lastKnownFileType = sourcecode.c.h; path = UWCommonAlert.h; sourceTree = "<group>"; };
		6ABA05D71B6636B6003EDDCA /* UWCommonAlert.m */ = {isa = PBXFileReference; fileEncoding = 4; lastKnownFileType = sourcecode.c.objc; path = UWCommonAlert.m; sourceTree = "<group>"; };
/* End PBXFileReference section */

/* Begin PBXFrameworksBuildPhase section */
		6ABA05AA1B66368E003EDDCA /* Frameworks */ = {
			isa = PBXFrameworksBuildPhase;
			buildActionMask = 2147483647;
			files = (
			);
			runOnlyForDeploymentPostprocessing = 0;
		};
		6ABA05C31B66368E003EDDCA /* Frameworks */ = {
			isa = PBXFrameworksBuildPhase;
			buildActionMask = 2147483647;
			files = (
			);
			runOnlyForDeploymentPostprocessing = 0;
		};
/* End PBXFrameworksBuildPhase section */

/* Begin PBXGroup section */
		6ABA05A41B66368E003EDDCA = {
			isa = PBXGroup;
			children = (
				6ABA05AF1B66368E003EDDCA /* cocoaPodTest */,
				6ABA05C91B66368E003EDDCA /* cocoaPodTestTests */,
				6ABA05AE1B66368E003EDDCA /* Products */,
			);
			sourceTree = "<group>";
		};
		6ABA05AE1B66368E003EDDCA /* Products */ = {
			isa = PBXGroup;
			children = (
				6ABA05AD1B66368E003EDDCA /* cocoaPodTest.app */,
				6ABA05C61B66368E003EDDCA /* cocoaPodTestTests.xctest */,
			);
			name = Products;
			sourceTree = "<group>";
		};
		6ABA05AF1B66368E003EDDCA /* cocoaPodTest */ = {
			isa = PBXGroup;
			children = (
				6ABA05D61B6636B6003EDDCA /* UWCommonAlert.h */,
				6ABA05D71B6636B6003EDDCA /* UWCommonAlert.m */,
				6ABA05B41B66368E003EDDCA /* AppDelegate.h */,
				6ABA05B51B66368E003EDDCA /* AppDelegate.m */,
				6ABA05B71B66368E003EDDCA /* ViewController.h */,
				6ABA05B81B66368E003EDDCA /* ViewController.m */,
				6ABA05BA1B66368E003EDDCA /* Main.storyboard */,
				6ABA05BD1B66368E003EDDCA /* Images.xcassets */,
				6ABA05BF1B66368E003EDDCA /* LaunchScreen.xib */,
				6ABA05B01B66368E003EDDCA /* Supporting Files */,
			);
			path = cocoaPodTest;
			sourceTree = "<group>";
		};
		6ABA05B01B66368E003EDDCA /* Supporting Files */ = {
			isa = PBXGroup;
			children = (
				6ABA05B11B66368E003EDDCA /* Info.plist */,
				6ABA05B21B66368E003EDDCA /* main.m */,
			);
			name = "Supporting Files";
			sourceTree = "<group>";
		};
		6ABA05C91B66368E003EDDCA /* cocoaPodTestTests */ = {
			isa = PBXGroup;
			children = (
				6ABA05CC1B66368E003EDDCA /* cocoaPodTestTests.m */,
				6ABA05CA1B66368E003EDDCA /* Supporting Files */,
			);
			path = cocoaPodTestTests;
			sourceTree = "<group>";
		};
		6ABA05CA1B66368E003EDDCA /* Supporting Files */ = {
			isa = PBXGroup;
			children = (
				6ABA05CB1B66368E003EDDCA /* Info.plist */,
			);
			name = "Supporting Files";
			sourceTree = "<group>";
		};
/* End PBXGroup section */

/* Begin PBXNativeTarget section */
		6ABA05AC1B66368E003EDDCA /* cocoaPodTest */ = {
			isa = PBXNativeTarget;
			buildConfigurationList = 6ABA05D01B66368E003EDDCA /* Build configuration list for PBXNativeTarget "cocoaPodTest" */;
			buildPhases = (
				6ABA05A91B66368E003EDDCA /* Sources */,
				6ABA05AA1B66368E003EDDCA /* Frameworks */,
				6ABA05AB1B66368E003EDDCA /* Resources */,
			);
			buildRules = (
			);
			dependencies = (
			);
			name = cocoaPodTest;
			productName = cocoaPodTest;
			productReference = 6ABA05AD1B66368E003EDDCA /* cocoaPodTest.app */;
			productType = "com.apple.product-type.application";
		};
		6ABA05C51B66368E003EDDCA /* cocoaPodTestTests */ = {
			isa = PBXNativeTarget;
			buildConfigurationList = 6ABA05D31B66368E003EDDCA /* Build configuration list for PBXNativeTarget "cocoaPodTestTests" */;
			buildPhases = (
				6ABA05C21B66368E003EDDCA /* Sources */,
				6ABA05C31B66368E003EDDCA /* Frameworks */,
				6ABA05C41B66368E003EDDCA /* Resources */,
			);
			buildRules = (
			);
			dependencies = (
				6ABA05C81B66368E003EDDCA /* PBXTargetDependency */,
			);
			name = cocoaPodTestTests;
			productName = cocoaPodTestTests;
			productReference = 6ABA05C61B66368E003EDDCA /* cocoaPodTestTests.xctest */;
			productType = "com.apple.product-type.bundle.unit-test";
		};
/* End PBXNativeTarget section */

/* Begin PBXProject section */
		6ABA05A51B66368E003EDDCA /* Project object */ = {
			isa = PBXProject;
			attributes = {
				LastUpgradeCheck = 0640;
				ORGANIZATIONNAME = UCF;
				TargetAttributes = {
					6ABA05AC1B66368E003EDDCA = {
						CreatedOnToolsVersion = 6.4;
					};
					6ABA05C51B66368E003EDDCA = {
						CreatedOnToolsVersion = 6.4;
						TestTargetID = 6ABA05AC1B66368E003EDDCA;
					};
				};
			};
			buildConfigurationList = 6ABA05A81B66368E003EDDCA /* Build configuration list for PBXProject "cocoaPodTest" */;
			compatibilityVersion = "Xcode 3.2";
			developmentRegion = English;
			hasScannedForEncodings = 0;
			knownRegions = (
				en,
				Base,
			);
			mainGroup = 6ABA05A41B66368E003EDDCA;
			productRefGroup = 6ABA05AE1B66368E003EDDCA /* Products */;
			projectDirPath = "";
			projectRoot = "";
			targets = (
				6ABA05AC1B66368E003EDDCA /* cocoaPodTest */,
				6ABA05C51B66368E003EDDCA /* cocoaPodTestTests */,
			);
		};
/* End PBXProject section */

/* Begin PBXResourcesBuildPhase section */
		6ABA05AB1B66368E003EDDCA /* Resources */ = {
			isa = PBXResourcesBuildPhase;
			buildActionMask = 2147483647;
			files = (
				6ABA05BC1B66368E003EDDCA /* Main.storyboard in Resources */,
				6ABA05C11B66368E003EDDCA /* LaunchScreen.xib in Resources */,
				6ABA05BE1B66368E003EDDCA /* Images.xcassets in Resources */,
			);
			runOnlyForDeploymentPostprocessing = 0;
		};
		6ABA05C41B66368E003EDDCA /* Resources */ = {
			isa = PBXResourcesBuildPhase;
			buildActionMask = 2147483647;
			files = (
			);
			runOnlyForDeploymentPostprocessing = 0;
		};
/* End PBXResourcesBuildPhase section */

/* Begin PBXSourcesBuildPhase section */
		6ABA05A91B66368E003EDDCA /* Sources */ = {
			isa = PBXSourcesBuildPhase;
			buildActionMask = 2147483647;
			files = (
				6ABA05B91B66368E003EDDCA /* ViewController.m in Sources */,
				6ABA05B61B66368E003EDDCA /* AppDelegate.m in Sources */,
				6ABA05B31B66368E003EDDCA /* main.m in Sources */,
				6ABA05D81B6636B6003EDDCA /* UWCommonAlert.m in Sources */,
			);
			runOnlyForDeploymentPostprocessing = 0;
		};
		6ABA05C21B66368E003EDDCA /* Sources */ = {
			isa = PBXSourcesBuildPhase;
			buildActionMask = 2147483647;
			files = (
				6ABA05CD1B66368E003EDDCA /* cocoaPodTestTests.m in Sources */,
			);
			runOnlyForDeploymentPostprocessing = 0;
		};
/* End PBXSourcesBuildPhase section */

/* Begin PBXTargetDependency section */
		6ABA05C81B66368E003EDDCA /* PBXTargetDependency */ = {
			isa = PBXTargetDependency;
			target = 6ABA05AC1B66368E003EDDCA /* cocoaPodTest */;
			targetProxy = 6ABA05C71B66368E003EDDCA /* PBXContainerItemProxy */;
		};
/* End PBXTargetDependency section */

/* Begin PBXVariantGroup section */
		6ABA05BA1B66368E003EDDCA /* Main.storyboard */ = {
			isa = PBXVariantGroup;
			children = (
				6ABA05BB1B66368E003EDDCA /* Base */,
			);
			name = Main.storyboard;
			sourceTree = "<group>";
		};
		6ABA05BF1B66368E003EDDCA /* LaunchScreen.xib */ = {
			isa = PBXVariantGroup;
			children = (
				6ABA05C01B66368E003EDDCA /* Base */,
			);
			name = LaunchScreen.xib;
			sourceTree = "<group>";
		};
/* End PBXVariantGroup section */

/* Begin XCBuildConfiguration section */
		6ABA05CE1B66368E003EDDCA /* Debug */ = {
			isa = XCBuildConfiguration;
			buildSettings = {
				ALWAYS_SEARCH_USER_PATHS = NO;
				CLANG_CXX_LANGUAGE_STANDARD = "gnu++0x";
				CLANG_CXX_LIBRARY = "libc++";
				CLANG_ENABLE_MODULES = YES;
				CLANG_ENABLE_OBJC_ARC = YES;
				CLANG_WARN_BOOL_CONVERSION = YES;
				CLANG_WARN_CONSTANT_CONVERSION = YES;
				CLANG_WARN_DIRECT_OBJC_ISA_USAGE = YES_ERROR;
				CLANG_WARN_EMPTY_BODY = YES;
				CLANG_WARN_ENUM_CONVERSION = YES;
				CLANG_WARN_INT_CONVERSION = YES;
				CLANG_WARN_OBJC_ROOT_CLASS = YES_ERROR;
				CLANG_WARN_UNREACHABLE_CODE = YES;
				CLANG_WARN__DUPLICATE_METHOD_MATCH = YES;
				"CODE_SIGN_IDENTITY[sdk=iphoneos*]" = "iPhone Developer";
				COPY_PHASE_STRIP = NO;
				DEBUG_INFORMATION_FORMAT = "dwarf-with-dsym";
				ENABLE_STRICT_OBJC_MSGSEND = YES;
				GCC_C_LANGUAGE_STANDARD = gnu99;
				GCC_DYNAMIC_NO_PIC = NO;
				GCC_NO_COMMON_BLOCKS = YES;
				GCC_OPTIMIZATION_LEVEL = 0;
				GCC_PREPROCESSOR_DEFINITIONS = (
					"DEBUG=1",
					"$(inherited)",
				);
				GCC_SYMBOLS_PRIVATE_EXTERN = NO;
				GCC_WARN_64_TO_32_BIT_CONVERSION = YES;
				GCC_WARN_ABOUT_RETURN_TYPE = YES_ERROR;
				GCC_WARN_UNDECLARED_SELECTOR = YES;
				GCC_WARN_UNINITIALIZED_AUTOS = YES_AGGRESSIVE;
				GCC_WARN_UNUSED_FUNCTION = YES;
				GCC_WARN_UNUSED_VARIABLE = YES;
				IPHONEOS_DEPLOYMENT_TARGET = 8.4;
				MTL_ENABLE_DEBUG_INFO = YES;
				ONLY_ACTIVE_ARCH = YES;
				SDKROOT = iphoneos;
				TARGETED_DEVICE_FAMILY = "1,2";
			};
			name = Debug;
		};
		6ABA05CF1B66368E003EDDCA /* Release */ = {
			isa = XCBuildConfiguration;
			buildSettings = {
				ALWAYS_SEARCH_USER_PATHS = NO;
				CLANG_CXX_LANGUAGE_STANDARD = "gnu++0x";
				CLANG_CXX_LIBRARY = "libc++";
				CLANG_ENABLE_MODULES = YES;
				CLANG_ENABLE_OBJC_ARC = YES;
				CLANG_WARN_BOOL_CONVERSION = YES;
				CLANG_WARN_CONSTANT_CONVERSION = YES;
				CLANG_WARN_DIRECT_OBJC_ISA_USAGE = YES_ERROR;
				CLANG_WARN_EMPTY_BODY = YES;
				CLANG_WARN_ENUM_CONVERSION = YES;
				CLANG_WARN_INT_CONVERSION = YES;
				CLANG_WARN_OBJC_ROOT_CLASS = YES_ERROR;
				CLANG_WARN_UNREACHABLE_CODE = YES;
				CLANG_WARN__DUPLICATE_METHOD_MATCH = YES;
				"CODE_SIGN_IDENTITY[sdk=iphoneos*]" = "iPhone Developer";
				COPY_PHASE_STRIP = NO;
				DEBUG_INFORMATION_FORMAT = "dwarf-with-dsym";
				ENABLE_NS_ASSERTIONS = NO;
				ENABLE_STRICT_OBJC_MSGSEND = YES;
				GCC_C_LANGUAGE_STANDARD = gnu99;
				GCC_NO_COMMON_BLOCKS = YES;
				GCC_WARN_64_TO_32_BIT_CONVERSION = YES;
				GCC_WARN_ABOUT_RETURN_TYPE = YES_ERROR;
				GCC_WARN_UNDECLARED_SELECTOR = YES;
				GCC_WARN_UNINITIALIZED_AUTOS = YES_AGGRESSIVE;
				GCC_WARN_UNUSED_FUNCTION = YES;
				GCC_WARN_UNUSED_VARIABLE = YES;
				IPHONEOS_DEPLOYMENT_TARGET = 8.4;
				MTL_ENABLE_DEBUG_INFO = NO;
				SDKROOT = iphoneos;
				TARGETED_DEVICE_FAMILY = "1,2";
				VALIDATE_PRODUCT = YES;
			};
			name = Release;
		};
		6ABA05D11B66368E003EDDCA /* Debug */ = {
			isa = XCBuildConfiguration;
			buildSettings = {
				ASSETCATALOG_COMPILER_APPICON_NAME = AppIcon;
				INFOPLIST_FILE = cocoaPodTest/Info.plist;
				LD_RUNPATH_SEARCH_PATHS = "$(inherited) @executable_path/Frameworks";
				PRODUCT_NAME = "$(TARGET_NAME)";
			};
			name = Debug;
		};
		6ABA05D21B66368E003EDDCA /* Release */ = {
			isa = XCBuildConfiguration;
			buildSettings = {
				ASSETCATALOG_COMPILER_APPICON_NAME = AppIcon;
				INFOPLIST_FILE = cocoaPodTest/Info.plist;
				LD_RUNPATH_SEARCH_PATHS = "$(inherited) @executable_path/Frameworks";
				PRODUCT_NAME = "$(TARGET_NAME)";
			};
			name = Release;
		};
		6ABA05D41B66368E003EDDCA /* Debug */ = {
			isa = XCBuildConfiguration;
			buildSettings = {
				BUNDLE_LOADER = "$(TEST_HOST)";
				FRAMEWORK_SEARCH_PATHS = (
					"$(SDKROOT)/Developer/Library/Frameworks",
					"$(inherited)",
				);
				GCC_PREPROCESSOR_DEFINITIONS = (
					"DEBUG=1",
					"$(inherited)",
				);
				INFOPLIST_FILE = cocoaPodTestTests/Info.plist;
				LD_RUNPATH_SEARCH_PATHS = "$(inherited) @executable_path/Frameworks @loader_path/Frameworks";
				PRODUCT_NAME = "$(TARGET_NAME)";
				TEST_HOST = "$(BUILT_PRODUCTS_DIR)/cocoaPodTest.app/cocoaPodTest";
			};
			name = Debug;
		};
		6ABA05D51B66368E003EDDCA /* Release */ = {
			isa = XCBuildConfiguration;
			buildSettings = {
				BUNDLE_LOADER = "$(TEST_HOST)";
				FRAMEWORK_SEARCH_PATHS = (
					"$(SDKROOT)/Developer/Library/Frameworks",
					"$(inherited)",
				);
				INFOPLIST_FILE = cocoaPodTestTests/Info.plist;
				LD_RUNPATH_SEARCH_PATHS = "$(inherited) @executable_path/Frameworks @loader_path/Frameworks";
				PRODUCT_NAME = "$(TARGET_NAME)";
				TEST_HOST = "$(BUILT_PRODUCTS_DIR)/cocoaPodTest.app/cocoaPodTest";
			};
			name = Release;
		};
/* End XCBuildConfiguration section */

/* Begin XCConfigurationList section */
		6ABA05A81B66368E003EDDCA /* Build configuration list for PBXProject "cocoaPodTest" */ = {
			isa = XCConfigurationList;
			buildConfigurations = (
				6ABA05CE1B66368E003EDDCA /* Debug */,
				6ABA05CF1B66368E003EDDCA /* Release */,
			);
			defaultConfigurationIsVisible = 0;
			defaultConfigurationName = Release;
		};
		6ABA05D01B66368E003EDDCA /* Build configuration list for PBXNativeTarget "cocoaPodTest" */ = {
			isa = XCConfigurationList;
			buildConfigurations = (
				6ABA05D11B66368E003EDDCA /* Debug */,
				6ABA05D21B66368E003EDDCA /* Release */,
			);
			defaultConfigurationIsVisible = 0;
		};
		6ABA05D31B66368E003EDDCA /* Build configuration list for PBXNativeTarget "cocoaPodTestTests" */ = {
			isa = XCConfigurationList;
			buildConfigurations = (
				6ABA05D41B66368E003EDDCA /* Debug */,
				6ABA05D51B66368E003EDDCA /* Release */,
			);
			defaultConfigurationIsVisible = 0;
		};
/* End XCConfigurationList section */
	};
	rootObject = 6ABA05A51B66368E003EDDCA /* Project object */;
}
